
Microsoft Visual Studio Solution File, Format Version 12.00
# Visual Studio 14
VisualStudioVersion = 14.0.25420.1
MinimumVisualStudioVersion = 10.0.40219.1
Project("{8BC9CEB8-8B4A-11D0-8D11-00A0C91BC942}") = "conversion", "conversion\conversion.vcxproj", "{E859454B-1AB5-479F-BBF1-9486CBCCB759}"
EndProject
Project("{8BC9CEB8-8B4A-11D0-8D11-00A0C91BC942}") = "commandline", "commandline\commandline.vcxproj", "{39B5144E-68F7-41CC-BF11-8BB059CAF206}"
EndProject
Project("{8BC9CEB8-8B4A-11D0-8D11-00A0C91BC942}") = "environment_variables", "environment_variables\environment_variables.vcxproj", "{3984D69E-EB76-4722-9B7A-0175F6C7A058}"
EndProject
Project("{8BC9CEB8-8B4A-11D0-8D11-00A0C91BC942}") = "creating file", "creating file\creating file.vcxproj", "{74F35A7D-36C0-44C4-A0AF-BBB350E85A1F}"
EndProject
Project("{8BC9CEB8-8B4A-11D0-8D11-00A0C91BC942}") = "writing file", "writing file\writing file.vcxproj", "{9029D375-6990-4F92-BABA-5D3E5605E08D}"
EndProject
Project("{8BC9CEB8-8B4A-11D0-8D11-00A0C91BC942}") = "createprocess", "createprocess\createprocess.vcxproj", "{C14FE1B4-F725-40A0-AFF2-F3E38A730E74}"
EndProject
Global
	GlobalSection(SolutionConfigurationPlatforms) = preSolution
		Debug|x64 = Debug|x64
		Debug|x86 = Debug|x86
		Release|x64 = Release|x64
		Release|x86 = Release|x86
	EndGlobalSection
	GlobalSection(ProjectConfigurationPlatforms) = postSolution
		{E859454B-1AB5-479F-BBF1-9486CBCCB759}.Debug|x64.ActiveCfg = Debug|x64
		{E859454B-1AB5-479F-BBF1-9486CBCCB759}.Debug|x64.Build.0 = Debug|x64
		{E859454B-1AB5-479F-BBF1-9486CBCCB759}.Debug|x86.ActiveCfg = Debug|Win32
		{E859454B-1AB5-479F-BBF1-9486CBCCB759}.Debug|x86.Build.0 = Debug|Win32
		{E859454B-1AB5-479F-BBF1-9486CBCCB759}.Release|x64.ActiveCfg = Release|x64
		{E859454B-1AB5-479F-BBF1-9486CBCCB759}.Release|x64.Build.0 = Release|x64
		{E859454B-1AB5-479F-BBF1-9486CBCCB759}.Release|x86.ActiveCfg = Release|Win32
		{E859454B-1AB5-479F-BBF1-9486CBCCB759}.Release|x86.Build.0 = Release|Win32
		{39B5144E-68F7-41CC-BF11-8BB059CAF206}.Debug|x64.ActiveCfg = Debug|x64
		{39B5144E-68F7-41CC-BF11-8BB059CAF206}.Debug|x64.Build.0 = Debug|x64
		{39B5144E-68F7-41CC-BF11-8BB059CAF206}.Debug|x86.ActiveCfg = Debug|Win32
		{39B5144E-68F7-41CC-BF11-8BB059CAF206}.Debug|x86.Build.0 = Debug|Win32
		{39B5144E-68F7-41CC-BF11-8BB059CAF206}.Release|x64.ActiveCfg = Release|x64
		{39B5144E-68F7-41CC-BF11-8BB059CAF206}.Release|x64.Build.0 = Release|x64
		{39B5144E-68F7-41CC-BF11-8BB059CAF206}.Release|x86.ActiveCfg = Release|Win32
		{39B5144E-68F7-41CC-BF11-8BB059CAF206}.Release|x86.Build.0 = Release|Win32
		{3984D69E-EB76-4722-9B7A-0175F6C7A058}.Debug|x64.ActiveCfg = Debug|x64
		{3984D69E-EB76-4722-9B7A-0175F6C7A058}.Debug|x64.Build.0 = Debug|x64
		{3984D69E-EB76-4722-9B7A-0175F6C7A058}.Debug|x86.ActiveCfg = Debug|Win32
		{3984D69E-EB76-4722-9B7A-0175F6C7A058}.Debug|x86.Build.0 = Debug|Win32
		{3984D69E-EB76-4722-9B7A-0175F6C7A058}.Release|x64.ActiveCfg = Release|x64
		{3984D69E-EB76-4722-9B7A-0175F6C7A058}.Release|x64.Build.0 = Release|x64
		{3984D69E-EB76-4722-9B7A-0175F6C7A058}.Release|x86.ActiveCfg = Release|Win32
		{3984D69E-EB76-4722-9B7A-0175F6C7A058}.Release|x86.Build.0 = Release|Win32
		{74F35A7D-36C0-44C4-A0AF-BBB350E85A1F}.Debug|x64.ActiveCfg = Debug|x64
		{74F35A7D-36C0-44C4-A0AF-BBB350E85A1F}.Debug|x64.Build.0 = Debug|x64
		{74F35A7D-36C0-44C4-A0AF-BBB350E85A1F}.Debug|x86.ActiveCfg = Debug|Win32
		{74F35A7D-36C0-44C4-A0AF-BBB350E85A1F}.Debug|x86.Build.0 = Debug|Win32
		{74F35A7D-36C0-44C4-A0AF-BBB350E85A1F}.Release|x64.ActiveCfg = Release|x64
		{74F35A7D-36C0-44C4-A0AF-BBB350E85A1F}.Release|x64.Build.0 = Release|x64
		{74F35A7D-36C0-44C4-A0AF-BBB350E85A1F}.Release|x86.ActiveCfg = Release|Win32
		{74F35A7D-36C0-44C4-A0AF-BBB350E85A1F}.Release|x86.Build.0 = Release|Win32
		{9029D375-6990-4F92-BABA-5D3E5605E08D}.Debug|x64.ActiveCfg = Debug|x64
		{9029D375-6990-4F92-BABA-5D3E5605E08D}.Debug|x64.Build.0 = Debug|x64
		{9029D375-6990-4F92-BABA-5D3E5605E08D}.Debug|x86.ActiveCfg = Debug|Win32
		{9029D375-6990-4F92-BABA-5D3E5605E08D}.Debug|x86.Build.0 = Debug|Win32
		{9029D375-6990-4F92-BABA-5D3E5605E08D}.Release|x64.ActiveCfg = Release|x64
		{9029D375-6990-4F92-BABA-5D3E5605E08D}.Release|x64.Build.0 = Release|x64
		{9029D375-6990-4F92-BABA-5D3E5605E08D}.Release|x86.ActiveCfg = Release|Win32
		{9029D375-6990-4F92-BABA-5D3E5605E08D}.Release|x86.Build.0 = Release|Win32
		{C14FE1B4-F725-40A0-AFF2-F3E38A730E74}.Debug|x64.ActiveCfg = Debug|x64
		{C14FE1B4-F725-40A0-AFF2-F3E38A730E74}.Debug|x64.Build.0 = Debug|x64
		{C14FE1B4-F725-40A0-AFF2-F3E38A730E74}.Debug|x86.ActiveCfg = Debug|Win32
		{C14FE1B4-F725-40A0-AFF2-F3E38A730E74}.Debug|x86.Build.0 = Debug|Win32
		{C14FE1B4-F725-40A0-AFF2-F3E38A730E74}.Release|x64.ActiveCfg = Release|x64
		{C14FE1B4-F725-40A0-AFF2-F3E38A730E74}.Release|x64.Build.0 = Release|x64
		{C14FE1B4-F725-40A0-AFF2-F3E38A730E74}.Release|x86.ActiveCfg = Release|Win32
		{C14FE1B4-F725-40A0-AFF2-F3E38A730E74}.Release|x86.Build.0 = Release|Win32
	EndGlobalSection
	GlobalSection(SolutionProperties) = preSolution
		HideSolutionNode = FALSE
	EndGlobalSection
EndGlobal
